
Microsoft Visual Studio Solution File, Format Version 12.00
# Visual Studio Version 16
VisualStudioVersion = 16.6.30114.105
MinimumVisualStudioVersion = 10.0.40219.1
Project("{FAE04EC0-301F-11D3-BF4B-00C04F79EFBC}") = "ConsoleApp", "ConsoleApp\ConsoleApp.csproj", "{2E20815E-59AB-48A9-92EE-7D829C587C3F}"
EndProject
Project("{FAE04EC0-301F-11D3-BF4B-00C04F79EFBC}") = "ConsoleApp2", "ConsoleApp2\ConsoleApp2.csproj", "{A347EF6D-B3B7-495E-8822-E326E5FB8D31}"
EndProject
Global
	GlobalSection(SolutionConfigurationPlatforms) = preSolution
		Debug|Any CPU = Debug|Any CPU
		Debug|x64 = Debug|x64
		Debug|x86 = Debug|x86
		Release|Any CPU = Release|Any CPU
		Release|x64 = Release|x64
		Release|x86 = Release|x86
	EndGlobalSection
	GlobalSection(SolutionProperties) = preSolution
		HideSolutionNode = FALSE
	EndGlobalSection
	GlobalSection(ProjectConfigurationPlatforms) = postSolution
		{2E20815E-59AB-48A9-92EE-7D829C587C3F}.Debug|Any CPU.ActiveCfg = Debug|Any CPU
		{2E20815E-59AB-48A9-92EE-7D829C587C3F}.Debug|Any CPU.Build.0 = Debug|Any CPU
		{2E20815E-59AB-48A9-92EE-7D829C587C3F}.Debug|x64.ActiveCfg = Debug|Any CPU
		{2E20815E-59AB-48A9-92EE-7D829C587C3F}.Debug|x64.Build.0 = Debug|Any CPU
		{2E20815E-59AB-48A9-92EE-7D829C587C3F}.Debug|x86.ActiveCfg = Debug|Any CPU
		{2E20815E-59AB-48A9-92EE-7D829C587C3F}.Debug|x86.Build.0 = Debug|Any CPU
		{2E20815E-59AB-48A9-92EE-7D829C587C3F}.Release|Any CPU.ActiveCfg = Release|Any CPU
		{2E20815E-59AB-48A9-92EE-7D829C587C3F}.Release|Any CPU.Build.0 = Release|Any CPU
		{2E20815E-59AB-48A9-92EE-7D829C587C3F}.Release|x64.ActiveCfg = Release|Any CPU
		{2E20815E-59AB-48A9-92EE-7D829C587C3F}.Release|x64.Build.0 = Release|Any CPU
		{2E20815E-59AB-48A9-92EE-7D829C587C3F}.Release|x86.ActiveCfg = Release|Any CPU
		{2E20815E-59AB-48A9-92EE-7D829C587C3F}.Release|x86.Build.0 = Release|Any CPU
		{A347EF6D-B3B7-495E-8822-E326E5FB8D31}.Debug|Any CPU.ActiveCfg = Debug|Any CPU
		{A347EF6D-B3B7-495E-8822-E326E5FB8D31}.Debug|Any CPU.Build.0 = Debug|Any CPU
		{A347EF6D-B3B7-495E-8822-E326E5FB8D31}.Debug|x64.ActiveCfg = Debug|Any CPU
		{A347EF6D-B3B7-495E-8822-E326E5FB8D31}.Debug|x64.Build.0 = Debug|Any CPU
		{A347EF6D-B3B7-495E-8822-E326E5FB8D31}.Debug|x86.ActiveCfg = Debug|Any CPU
		{A347EF6D-B3B7-495E-8822-E326E5FB8D31}.Debug|x86.Build.0 = Debug|Any CPU
		{A347EF6D-B3B7-495E-8822-E326E5FB8D31}.Release|Any CPU.ActiveCfg = Release|Any CPU
		{A347EF6D-B3B7-495E-8822-E326E5FB8D31}.Release|Any CPU.Build.0 = Release|Any CPU
		{A347EF6D-B3B7-495E-8822-E326E5FB8D31}.Release|x64.ActiveCfg = Release|Any CPU
		{A347EF6D-B3B7-495E-8822-E326E5FB8D31}.Release|x64.Build.0 = Release|Any CPU
		{A347EF6D-B3B7-495E-8822-E326E5FB8D31}.Release|x86.ActiveCfg = Release|Any CPU
		{A347EF6D-B3B7-495E-8822-E326E5FB8D31}.Release|x86.Build.0 = Release|Any CPU
	EndGlobalSection
EndGlobal
